// !$*UTF8*$!
{
	archiveVersion = 1;
	classes = {
	};
	objectVersion = 46;
	objects = {

/* Begin PBXBuildFile section */
		235BC8AD0B9FE4D2D50313C4 /* libPods-iOSReady1.a in Frameworks */ = {isa = PBXBuildFile; fileRef = 5C7B9F3C0B00AC36F3761110 /* libPods-iOSReady1.a */; };
		2CA84501F333F8BA3DFA37D3 /* libPods-iOSReady1UITests.a in Frameworks */ = {isa = PBXBuildFile; fileRef = 3A56911831DC521105C003FF /* libPods-iOSReady1UITests.a */; };
		3F229DAE5A6FC64E74B60ABC /* libPods-iOSReady1Tests.a in Frameworks */ = {isa = PBXBuildFile; fileRef = E452D92FD1AA5AA3E1BF20AC /* libPods-iOSReady1Tests.a */; };
		F323D4951D49A43E0063A8EA /* 未命名.png in Resources */ = {isa = PBXBuildFile; fileRef = F323D4941D49A43E0063A8EA /* 未命名.png */; };
		F323D4971D49A4550063A8EA /* 1_24.jpg in Resources */ = {isa = PBXBuildFile; fileRef = F323D4961D49A4550063A8EA /* 1_24.jpg */; };
		F34099B11D49192400B4D768 /* HDTableViewCell.m in Sources */ = {isa = PBXBuildFile; fileRef = F34099AF1D49192400B4D768 /* HDTableViewCell.m */; };
		F34099B21D49192400B4D768 /* HDTableViewCell.xib in Resources */ = {isa = PBXBuildFile; fileRef = F34099B01D49192400B4D768 /* HDTableViewCell.xib */; };
		F34099B61D491F5E00B4D768 /* CellPushViewController.m in Sources */ = {isa = PBXBuildFile; fileRef = F34099B41D491F5E00B4D768 /* CellPushViewController.m */; };
		F34099B71D491F5E00B4D768 /* CellPushViewController.xib in Resources */ = {isa = PBXBuildFile; fileRef = F34099B51D491F5E00B4D768 /* CellPushViewController.xib */; };
		F363898C1D4C69C300F9DAF9 /* TabViewController.m in Sources */ = {isa = PBXBuildFile; fileRef = F363898B1D4C69C300F9DAF9 /* TabViewController.m */; };
		F385C0B61D476B46005951BE /* CocoaFoundationKit.m in Sources */ = {isa = PBXBuildFile; fileRef = F385C0B51D476B46005951BE /* CocoaFoundationKit.m */; };
		F385C0B91D476D44005951BE /* cocoaFoundationKitClass.m in Sources */ = {isa = PBXBuildFile; fileRef = F385C0B81D476D44005951BE /* cocoaFoundationKitClass.m */; };
		F3A1312F1D489C2B0067CF23 /* SeViewController.m in Sources */ = {isa = PBXBuildFile; fileRef = F3A1312E1D489C2B0067CF23 /* SeViewController.m */; };
		F3A131321D489C390067CF23 /* ThiViewController.m in Sources */ = {isa = PBXBuildFile; fileRef = F3A131311D489C390067CF23 /* ThiViewController.m */; };
		F3A131351D489C460067CF23 /* FourViewController.m in Sources */ = {isa = PBXBuildFile; fileRef = F3A131341D489C460067CF23 /* FourViewController.m */; };
		F3A1313E1D48C5920067CF23 /* SZTableViewCell.m in Sources */ = {isa = PBXBuildFile; fileRef = F3A1313C1D48C5920067CF23 /* SZTableViewCell.m */; };
		F3A1313F1D48C5920067CF23 /* SZTableViewCell.xib in Resources */ = {isa = PBXBuildFile; fileRef = F3A1313D1D48C5920067CF23 /* SZTableViewCell.xib */; };
		F3AA6D5F1D462A9E0033D88B /* main.m in Sources */ = {isa = PBXBuildFile; fileRef = F3AA6D5E1D462A9E0033D88B /* main.m */; };
		F3AA6D621D462A9E0033D88B /* AppDelegate.m in Sources */ = {isa = PBXBuildFile; fileRef = F3AA6D611D462A9E0033D88B /* AppDelegate.m */; };
		F3AA6D651D462A9E0033D88B /* ViewController.m in Sources */ = {isa = PBXBuildFile; fileRef = F3AA6D641D462A9E0033D88B /* ViewController.m */; };
		F3AA6D681D462A9E0033D88B /* Main.storyboard in Resources */ = {isa = PBXBuildFile; fileRef = F3AA6D661D462A9E0033D88B /* Main.storyboard */; };
		F3AA6D6A1D462A9E0033D88B /* Assets.xcassets in Resources */ = {isa = PBXBuildFile; fileRef = F3AA6D691D462A9E0033D88B /* Assets.xcassets */; };
		F3AA6D6D1D462A9E0033D88B /* LaunchScreen.storyboard in Resources */ = {isa = PBXBuildFile; fileRef = F3AA6D6B1D462A9E0033D88B /* LaunchScreen.storyboard */; };
		F3AA6D781D462A9E0033D88B /* iOSReady1Tests.m in Sources */ = {isa = PBXBuildFile; fileRef = F3AA6D771D462A9E0033D88B /* iOSReady1Tests.m */; };
		F3AA6D831D462A9E0033D88B /* iOSReady1UITests.m in Sources */ = {isa = PBXBuildFile; fileRef = F3AA6D821D462A9E0033D88B /* iOSReady1UITests.m */; };
		F3F6B9821D49F0FB00A054CA /* 8836.jpg in Resources */ = {isa = PBXBuildFile; fileRef = F3F6B9811D49F0FB00A054CA /* 8836.jpg */; };
		F3F6B9841D49F10800A054CA /* 1@2x.png in Resources */ = {isa = PBXBuildFile; fileRef = F3F6B9831D49F10800A054CA /* 1@2x.png */; };
		F3F6B9891D49F15000A054CA /* LoginViewController.m in Sources */ = {isa = PBXBuildFile; fileRef = F3F6B9871D49F15000A054CA /* LoginViewController.m */; };
		F3F6B98E1D49F1B700A054CA /* IndexViewController.m in Sources */ = {isa = PBXBuildFile; fileRef = F3F6B98C1D49F1B700A054CA /* IndexViewController.m */; };
		F3F6B98F1D49F1B700A054CA /* IndexViewController.xib in Resources */ = {isa = PBXBuildFile; fileRef = F3F6B98D1D49F1B700A054CA /* IndexViewController.xib */; };
/* End PBXBuildFile section */

/* Begin PBXContainerItemProxy section */
		F3AA6D741D462A9E0033D88B /* PBXContainerItemProxy */ = {
			isa = PBXContainerItemProxy;
			containerPortal = F3AA6D521D462A9E0033D88B /* Project object */;
			proxyType = 1;
			remoteGlobalIDString = F3AA6D591D462A9E0033D88B;
			remoteInfo = iOSReady1;
		};
		F3AA6D7F1D462A9E0033D88B /* PBXContainerItemProxy */ = {
			isa = PBXContainerItemProxy;
			containerPortal = F3AA6D521D462A9E0033D88B /* Project object */;
			proxyType = 1;
			remoteGlobalIDString = F3AA6D591D462A9E0033D88B;
			remoteInfo = iOSReady1;
		};
/* End PBXContainerItemProxy section */

/* Begin PBXFileReference section */
		159B98756F423168F7BC5CC1 /* Pods-iOSReady1.debug.xcconfig */ = {isa = PBXFileReference; includeInIndex = 1; lastKnownFileType = text.xcconfig; name = "Pods-iOSReady1.debug.xcconfig"; path = "Pods/Target Support Files/Pods-iOSReady1/Pods-iOSReady1.debug.xcconfig"; sourceTree = "<group>"; };
		34050687E6CAAF3BD909190A /* Pods-iOSReady1UITests.debug.xcconfig */ = {isa = PBXFileReference; includeInIndex = 1; lastKnownFileType = text.xcconfig; name = "Pods-iOSReady1UITests.debug.xcconfig"; path = "Pods/Target Support Files/Pods-iOSReady1UITests/Pods-iOSReady1UITests.debug.xcconfig"; sourceTree = "<group>"; };
		387D205A5C2CD787A5D4BE94 /* Pods-iOSReady1.release.xcconfig */ = {isa = PBXFileReference; includeInIndex = 1; lastKnownFileType = text.xcconfig; name = "Pods-iOSReady1.release.xcconfig"; path = "Pods/Target Support Files/Pods-iOSReady1/Pods-iOSReady1.release.xcconfig"; sourceTree = "<group>"; };
		3A56911831DC521105C003FF /* libPods-iOSReady1UITests.a */ = {isa = PBXFileReference; explicitFileType = archive.ar; includeInIndex = 0; path = "libPods-iOSReady1UITests.a"; sourceTree = BUILT_PRODUCTS_DIR; };
		4A69E5B86AD1EBDA31FF0409 /* Pods-iOSReady1Tests.debug.xcconfig */ = {isa = PBXFileReference; includeInIndex = 1; lastKnownFileType = text.xcconfig; name = "Pods-iOSReady1Tests.debug.xcconfig"; path = "Pods/Target Support Files/Pods-iOSReady1Tests/Pods-iOSReady1Tests.debug.xcconfig"; sourceTree = "<group>"; };
		5C7B9F3C0B00AC36F3761110 /* libPods-iOSReady1.a */ = {isa = PBXFileReference; explicitFileType = archive.ar; includeInIndex = 0; path = "libPods-iOSReady1.a"; sourceTree = BUILT_PRODUCTS_DIR; };
		9BBD33E6E7B4A460B37FFFB1 /* Pods-iOSReady1UITests.release.xcconfig */ = {isa = PBXFileReference; includeInIndex = 1; lastKnownFileType = text.xcconfig; name = "Pods-iOSReady1UITests.release.xcconfig"; path = "Pods/Target Support Files/Pods-iOSReady1UITests/Pods-iOSReady1UITests.release.xcconfig"; sourceTree = "<group>"; };
		D69A8BBBD8811AF4F28D1CF9 /* Pods-iOSReady1Tests.release.xcconfig */ = {isa = PBXFileReference; includeInIndex = 1; lastKnownFileType = text.xcconfig; name = "Pods-iOSReady1Tests.release.xcconfig"; path = "Pods/Target Support Files/Pods-iOSReady1Tests/Pods-iOSReady1Tests.release.xcconfig"; sourceTree = "<group>"; };
		E452D92FD1AA5AA3E1BF20AC /* libPods-iOSReady1Tests.a */ = {isa = PBXFileReference; explicitFileType = archive.ar; includeInIndex = 0; path = "libPods-iOSReady1Tests.a"; sourceTree = BUILT_PRODUCTS_DIR; };
		F323D4941D49A43E0063A8EA /* 未命名.png */ = {isa = PBXFileReference; lastKnownFileType = image.png; path = "未命名.png"; sourceTree = "<group>"; };
		F323D4961D49A4550063A8EA /* 1_24.jpg */ = {isa = PBXFileReference; lastKnownFileType = image.jpeg; path = 1_24.jpg; sourceTree = "<group>"; };
		F34099AE1D49192400B4D768 /* HDTableViewCell.h */ = {isa = PBXFileReference; fileEncoding = 4; lastKnownFileType = sourcecode.c.h; path = HDTableViewCell.h; sourceTree = "<group>"; };
		F34099AF1D49192400B4D768 /* HDTableViewCell.m */ = {isa = PBXFileReference; fileEncoding = 4; lastKnownFileType = sourcecode.c.objc; path = HDTableViewCell.m; sourceTree = "<group>"; };
		F34099B01D49192400B4D768 /* HDTableViewCell.xib */ = {isa = PBXFileReference; fileEncoding = 4; lastKnownFileType = file.xib; path = HDTableViewCell.xib; sourceTree = "<group>"; };
		F34099B31D491F5E00B4D768 /* CellPushViewController.h */ = {isa = PBXFileReference; fileEncoding = 4; lastKnownFileType = sourcecode.c.h; path = CellPushViewController.h; sourceTree = "<group>"; };
		F34099B41D491F5E00B4D768 /* CellPushViewController.m */ = {isa = PBXFileReference; fileEncoding = 4; lastKnownFileType = sourcecode.c.objc; path = CellPushViewController.m; sourceTree = "<group>"; };
		F34099B51D491F5E00B4D768 /* CellPushViewController.xib */ = {isa = PBXFileReference; fileEncoding = 4; lastKnownFileType = file.xib; path = CellPushViewController.xib; sourceTree = "<group>"; };
		F363898A1D4C69C300F9DAF9 /* TabViewController.h */ = {isa = PBXFileReference; fileEncoding = 4; lastKnownFileType = sourcecode.c.h; path = TabViewController.h; sourceTree = "<group>"; };
		F363898B1D4C69C300F9DAF9 /* TabViewController.m */ = {isa = PBXFileReference; fileEncoding = 4; lastKnownFileType = sourcecode.c.objc; path = TabViewController.m; sourceTree = "<group>"; };
		F385C0B21D475309005951BE /* DataType.h */ = {isa = PBXFileReference; lastKnownFileType = sourcecode.c.h; path = DataType.h; sourceTree = "<group>"; };
		F385C0B31D475570005951BE /* Overview.h */ = {isa = PBXFileReference; lastKnownFileType = sourcecode.c.h; path = Overview.h; sourceTree = "<group>"; };
		F385C0B41D476B46005951BE /* CocoaFoundationKit.h */ = {isa = PBXFileReference; fileEncoding = 4; lastKnownFileType = sourcecode.c.h; path = CocoaFoundationKit.h; sourceTree = "<group>"; };
		F385C0B51D476B46005951BE /* CocoaFoundationKit.m */ = {isa = PBXFileReference; fileEncoding = 4; lastKnownFileType = sourcecode.c.objc; path = CocoaFoundationKit.m; sourceTree = "<group>"; };
		F385C0B71D476D44005951BE /* cocoaFoundationKitClass.h */ = {isa = PBXFileReference; fileEncoding = 4; lastKnownFileType = sourcecode.c.h; path = cocoaFoundationKitClass.h; sourceTree = "<group>"; };
		F385C0B81D476D44005951BE /* cocoaFoundationKitClass.m */ = {isa = PBXFileReference; fileEncoding = 4; lastKnownFileType = sourcecode.c.objc; path = cocoaFoundationKitClass.m; sourceTree = "<group>"; };
		F3A1312D1D489C2B0067CF23 /* SeViewController.h */ = {isa = PBXFileReference; fileEncoding = 4; lastKnownFileType = sourcecode.c.h; path = SeViewController.h; sourceTree = "<group>"; };
		F3A1312E1D489C2B0067CF23 /* SeViewController.m */ = {isa = PBXFileReference; fileEncoding = 4; lastKnownFileType = sourcecode.c.objc; path = SeViewController.m; sourceTree = "<group>"; };
		F3A131301D489C390067CF23 /* ThiViewController.h */ = {isa = PBXFileReference; fileEncoding = 4; lastKnownFileType = sourcecode.c.h; path = ThiViewController.h; sourceTree = "<group>"; };
		F3A131311D489C390067CF23 /* ThiViewController.m */ = {isa = PBXFileReference; fileEncoding = 4; lastKnownFileType = sourcecode.c.objc; path = ThiViewController.m; sourceTree = "<group>"; };
		F3A131331D489C460067CF23 /* FourViewController.h */ = {isa = PBXFileReference; fileEncoding = 4; lastKnownFileType = sourcecode.c.h; path = FourViewController.h; sourceTree = "<group>"; };
		F3A131341D489C460067CF23 /* FourViewController.m */ = {isa = PBXFileReference; fileEncoding = 4; lastKnownFileType = sourcecode.c.objc; path = FourViewController.m; sourceTree = "<group>"; };
		F3A1313B1D48C5920067CF23 /* SZTableViewCell.h */ = {isa = PBXFileReference; fileEncoding = 4; lastKnownFileType = sourcecode.c.h; path = SZTableViewCell.h; sourceTree = "<group>"; };
		F3A1313C1D48C5920067CF23 /* SZTableViewCell.m */ = {isa = PBXFileReference; fileEncoding = 4; lastKnownFileType = sourcecode.c.objc; path = SZTableViewCell.m; sourceTree = "<group>"; };
		F3A1313D1D48C5920067CF23 /* SZTableViewCell.xib */ = {isa = PBXFileReference; fileEncoding = 4; lastKnownFileType = file.xib; path = SZTableViewCell.xib; sourceTree = "<group>"; };
		F3AA6D5A1D462A9E0033D88B /* iOSReady1.app */ = {isa = PBXFileReference; explicitFileType = wrapper.application; includeInIndex = 0; path = iOSReady1.app; sourceTree = BUILT_PRODUCTS_DIR; };
		F3AA6D5E1D462A9E0033D88B /* main.m */ = {isa = PBXFileReference; lastKnownFileType = sourcecode.c.objc; path = main.m; sourceTree = "<group>"; };
		F3AA6D601D462A9E0033D88B /* AppDelegate.h */ = {isa = PBXFileReference; lastKnownFileType = sourcecode.c.h; path = AppDelegate.h; sourceTree = "<group>"; };
		F3AA6D611D462A9E0033D88B /* AppDelegate.m */ = {isa = PBXFileReference; lastKnownFileType = sourcecode.c.objc; path = AppDelegate.m; sourceTree = "<group>"; };
		F3AA6D631D462A9E0033D88B /* ViewController.h */ = {isa = PBXFileReference; lastKnownFileType = sourcecode.c.h; path = ViewController.h; sourceTree = "<group>"; };
		F3AA6D641D462A9E0033D88B /* ViewController.m */ = {isa = PBXFileReference; lastKnownFileType = sourcecode.c.objc; path = ViewController.m; sourceTree = "<group>"; };
		F3AA6D671D462A9E0033D88B /* Base */ = {isa = PBXFileReference; lastKnownFileType = file.storyboard; name = Base; path = Base.lproj/Main.storyboard; sourceTree = "<group>"; };
		F3AA6D691D462A9E0033D88B /* Assets.xcassets */ = {isa = PBXFileReference; lastKnownFileType = folder.assetcatalog; path = Assets.xcassets; sourceTree = "<group>"; };
		F3AA6D6C1D462A9E0033D88B /* Base */ = {isa = PBXFileReference; lastKnownFileType = file.storyboard; name = Base; path = Base.lproj/LaunchScreen.storyboard; sourceTree = "<group>"; };
		F3AA6D6E1D462A9E0033D88B /* Info.plist */ = {isa = PBXFileReference; lastKnownFileType = text.plist.xml; path = Info.plist; sourceTree = "<group>"; };
		F3AA6D731D462A9E0033D88B /* iOSReady1Tests.xctest */ = {isa = PBXFileReference; explicitFileType = wrapper.cfbundle; includeInIndex = 0; path = iOSReady1Tests.xctest; sourceTree = BUILT_PRODUCTS_DIR; };
		F3AA6D771D462A9E0033D88B /* iOSReady1Tests.m */ = {isa = PBXFileReference; lastKnownFileType = sourcecode.c.objc; path = iOSReady1Tests.m; sourceTree = "<group>"; };
		F3AA6D791D462A9E0033D88B /* Info.plist */ = {isa = PBXFileReference; lastKnownFileType = text.plist.xml; path = Info.plist; sourceTree = "<group>"; };
		F3AA6D7E1D462A9E0033D88B /* iOSReady1UITests.xctest */ = {isa = PBXFileReference; explicitFileType = wrapper.cfbundle; includeInIndex = 0; path = iOSReady1UITests.xctest; sourceTree = BUILT_PRODUCTS_DIR; };
		F3AA6D821D462A9E0033D88B /* iOSReady1UITests.m */ = {isa = PBXFileReference; lastKnownFileType = sourcecode.c.objc; path = iOSReady1UITests.m; sourceTree = "<group>"; };
		F3AA6D841D462A9E0033D88B /* Info.plist */ = {isa = PBXFileReference; lastKnownFileType = text.plist.xml; path = Info.plist; sourceTree = "<group>"; };
		F3F6B9811D49F0FB00A054CA /* 8836.jpg */ = {isa = PBXFileReference; lastKnownFileType = image.jpeg; path = 8836.jpg; sourceTree = "<group>"; };
		F3F6B9831D49F10800A054CA /* 1@2x.png */ = {isa = PBXFileReference; lastKnownFileType = image.png; path = "1@2x.png"; sourceTree = "<group>"; };
		F3F6B9861D49F15000A054CA /* LoginViewController.h */ = {isa = PBXFileReference; fileEncoding = 4; lastKnownFileType = sourcecode.c.h; path = LoginViewController.h; sourceTree = "<group>"; };
		F3F6B9871D49F15000A054CA /* LoginViewController.m */ = {isa = PBXFileReference; fileEncoding = 4; lastKnownFileType = sourcecode.c.objc; path = LoginViewController.m; sourceTree = "<group>"; };
		F3F6B98B1D49F1B700A054CA /* IndexViewController.h */ = {isa = PBXFileReference; fileEncoding = 4; lastKnownFileType = sourcecode.c.h; path = IndexViewController.h; sourceTree = "<group>"; };
		F3F6B98C1D49F1B700A054CA /* IndexViewController.m */ = {isa = PBXFileReference; fileEncoding = 4; lastKnownFileType = sourcecode.c.objc; path = IndexViewController.m; sourceTree = "<group>"; };
		F3F6B98D1D49F1B700A054CA /* IndexViewController.xib */ = {isa = PBXFileReference; fileEncoding = 4; lastKnownFileType = file.xib; path = IndexViewController.xib; sourceTree = "<group>"; };
/* End PBXFileReference section */

/* Begin PBXFrameworksBuildPhase section */
		F3AA6D571D462A9E0033D88B /* Frameworks */ = {
			isa = PBXFrameworksBuildPhase;
			buildActionMask = 2147483647;
			files = (
				235BC8AD0B9FE4D2D50313C4 /* libPods-iOSReady1.a in Frameworks */,
			);
			runOnlyForDeploymentPostprocessing = 0;
		};
		F3AA6D701D462A9E0033D88B /* Frameworks */ = {
			isa = PBXFrameworksBuildPhase;
			buildActionMask = 2147483647;
			files = (
				3F229DAE5A6FC64E74B60ABC /* libPods-iOSReady1Tests.a in Frameworks */,
			);
			runOnlyForDeploymentPostprocessing = 0;
		};
		F3AA6D7B1D462A9E0033D88B /* Frameworks */ = {
			isa = PBXFrameworksBuildPhase;
			buildActionMask = 2147483647;
			files = (
				2CA84501F333F8BA3DFA37D3 /* libPods-iOSReady1UITests.a in Frameworks */,
			);
			runOnlyForDeploymentPostprocessing = 0;
		};
/* End PBXFrameworksBuildPhase section */

/* Begin PBXGroup section */
		5730C839E5F6515BDF0DEE86 /* Frameworks */ = {
			isa = PBXGroup;
			children = (
				5C7B9F3C0B00AC36F3761110 /* libPods-iOSReady1.a */,
				E452D92FD1AA5AA3E1BF20AC /* libPods-iOSReady1Tests.a */,
				3A56911831DC521105C003FF /* libPods-iOSReady1UITests.a */,
			);
			name = Frameworks;
			sourceTree = "<group>";
		};
		A2CD65E0D152F7D9DCE8F83C /* Pods */ = {
			isa = PBXGroup;
			children = (
				159B98756F423168F7BC5CC1 /* Pods-iOSReady1.debug.xcconfig */,
				387D205A5C2CD787A5D4BE94 /* Pods-iOSReady1.release.xcconfig */,
				4A69E5B86AD1EBDA31FF0409 /* Pods-iOSReady1Tests.debug.xcconfig */,
				D69A8BBBD8811AF4F28D1CF9 /* Pods-iOSReady1Tests.release.xcconfig */,
				34050687E6CAAF3BD909190A /* Pods-iOSReady1UITests.debug.xcconfig */,
				9BBD33E6E7B4A460B37FFFB1 /* Pods-iOSReady1UITests.release.xcconfig */,
			);
			name = Pods;
			sourceTree = "<group>";
		};
		F3A131361D48A5260067CF23 /* img */ = {
			isa = PBXGroup;
			children = (
				F3F6B9811D49F0FB00A054CA /* 8836.jpg */,
				F3F6B9831D49F10800A054CA /* 1@2x.png */,
				F323D4961D49A4550063A8EA /* 1_24.jpg */,
				F323D4941D49A43E0063A8EA /* 未命名.png */,
			);
			name = img;
			sourceTree = "<group>";
		};
		F3A131371D48C52B0067CF23 /* cell */ = {
			isa = PBXGroup;
			children = (
				F34099AE1D49192400B4D768 /* HDTableViewCell.h */,
				F34099AF1D49192400B4D768 /* HDTableViewCell.m */,
				F34099B01D49192400B4D768 /* HDTableViewCell.xib */,
				F3A1313B1D48C5920067CF23 /* SZTableViewCell.h */,
				F3A1313C1D48C5920067CF23 /* SZTableViewCell.m */,
				F3A1313D1D48C5920067CF23 /* SZTableViewCell.xib */,
			);
			name = cell;
			sourceTree = "<group>";
		};
		F3AA6D511D462A9E0033D88B = {
			isa = PBXGroup;
			children = (
				F3F6B9851D49F13900A054CA /* Login */,
				F3A131371D48C52B0067CF23 /* cell */,
				F385C0B31D475570005951BE /* Overview.h */,
				F3A131361D48A5260067CF23 /* img */,
				F3AA6D5C1D462A9E0033D88B /* iOSReady1 */,
				F3AA6D761D462A9E0033D88B /* iOSReady1Tests */,
				F3AA6D811D462A9E0033D88B /* iOSReady1UITests */,
				F3AA6D5B1D462A9E0033D88B /* Products */,
				A2CD65E0D152F7D9DCE8F83C /* Pods */,
				5730C839E5F6515BDF0DEE86 /* Frameworks */,
			);
			sourceTree = "<group>";
		};
		F3AA6D5B1D462A9E0033D88B /* Products */ = {
			isa = PBXGroup;
			children = (
				F3AA6D5A1D462A9E0033D88B /* iOSReady1.app */,
				F3AA6D731D462A9E0033D88B /* iOSReady1Tests.xctest */,
				F3AA6D7E1D462A9E0033D88B /* iOSReady1UITests.xctest */,
			);
			name = Products;
			sourceTree = "<group>";
		};
		F3AA6D5C1D462A9E0033D88B /* iOSReady1 */ = {
			isa = PBXGroup;
			children = (
				F3AA6D601D462A9E0033D88B /* AppDelegate.h */,
				F3AA6D611D462A9E0033D88B /* AppDelegate.m */,
				F3AA6D631D462A9E0033D88B /* ViewController.h */,
				F3AA6D641D462A9E0033D88B /* ViewController.m */,
				F3AA6D661D462A9E0033D88B /* Main.storyboard */,
				F3AA6D691D462A9E0033D88B /* Assets.xcassets */,
				F3AA6D6B1D462A9E0033D88B /* LaunchScreen.storyboard */,
				F3AA6D6E1D462A9E0033D88B /* Info.plist */,
				F3AA6D5D1D462A9E0033D88B /* Supporting Files */,
				F385C0B21D475309005951BE /* DataType.h */,
				F385C0B41D476B46005951BE /* CocoaFoundationKit.h */,
				F385C0B51D476B46005951BE /* CocoaFoundationKit.m */,
				F385C0B71D476D44005951BE /* cocoaFoundationKitClass.h */,
				F385C0B81D476D44005951BE /* cocoaFoundationKitClass.m */,
				F3A1312D1D489C2B0067CF23 /* SeViewController.h */,
				F3A1312E1D489C2B0067CF23 /* SeViewController.m */,
				F3A131301D489C390067CF23 /* ThiViewController.h */,
				F3A131311D489C390067CF23 /* ThiViewController.m */,
				F3A131331D489C460067CF23 /* FourViewController.h */,
				F3A131341D489C460067CF23 /* FourViewController.m */,
				F34099B31D491F5E00B4D768 /* CellPushViewController.h */,
				F34099B41D491F5E00B4D768 /* CellPushViewController.m */,
				F34099B51D491F5E00B4D768 /* CellPushViewController.xib */,
				F3F6B98B1D49F1B700A054CA /* IndexViewController.h */,
				F3F6B98C1D49F1B700A054CA /* IndexViewController.m */,
				F3F6B98D1D49F1B700A054CA /* IndexViewController.xib */,
			);
			path = iOSReady1;
			sourceTree = "<group>";
		};
		F3AA6D5D1D462A9E0033D88B /* Supporting Files */ = {
			isa = PBXGroup;
			children = (
				F3AA6D5E1D462A9E0033D88B /* main.m */,
				F363898A1D4C69C300F9DAF9 /* TabViewController.h */,
				F363898B1D4C69C300F9DAF9 /* TabViewController.m */,
			);
			name = "Supporting Files";
			sourceTree = "<group>";
		};
		F3AA6D761D462A9E0033D88B /* iOSReady1Tests */ = {
			isa = PBXGroup;
			children = (
				F3AA6D771D462A9E0033D88B /* iOSReady1Tests.m */,
				F3AA6D791D462A9E0033D88B /* Info.plist */,
			);
			path = iOSReady1Tests;
			sourceTree = "<group>";
		};
		F3AA6D811D462A9E0033D88B /* iOSReady1UITests */ = {
			isa = PBXGroup;
			children = (
				F3AA6D821D462A9E0033D88B /* iOSReady1UITests.m */,
				F3AA6D841D462A9E0033D88B /* Info.plist */,
			);
			path = iOSReady1UITests;
			sourceTree = "<group>";
		};
		F3F6B9851D49F13900A054CA /* Login */ = {
			isa = PBXGroup;
			children = (
				F3F6B9861D49F15000A054CA /* LoginViewController.h */,
				F3F6B9871D49F15000A054CA /* LoginViewController.m */,
			);
			name = Login;
			sourceTree = "<group>";
		};
/* End PBXGroup section */

/* Begin PBXNativeTarget section */
		F3AA6D591D462A9E0033D88B /* iOSReady1 */ = {
			isa = PBXNativeTarget;
			buildConfigurationList = F3AA6D871D462A9E0033D88B /* Build configuration list for PBXNativeTarget "iOSReady1" */;
			buildPhases = (
				ADB3D534D8FC16CF1ABF86AD /* [CP] Check Pods Manifest.lock */,
				F3AA6D561D462A9E0033D88B /* Sources */,
				F3AA6D571D462A9E0033D88B /* Frameworks */,
				F3AA6D581D462A9E0033D88B /* Resources */,
				D06F4678B7DFC0A0E328E271 /* [CP] Embed Pods Frameworks */,
				4C694AF82A5306657BD4A848 /* [CP] Copy Pods Resources */,
			);
			buildRules = (
			);
			dependencies = (
			);
			name = iOSReady1;
			productName = iOSReady1;
			productReference = F3AA6D5A1D462A9E0033D88B /* iOSReady1.app */;
			productType = "com.apple.product-type.application";
		};
		F3AA6D721D462A9E0033D88B /* iOSReady1Tests */ = {
			isa = PBXNativeTarget;
			buildConfigurationList = F3AA6D8A1D462A9E0033D88B /* Build configuration list for PBXNativeTarget "iOSReady1Tests" */;
			buildPhases = (
				87DB1CB17D393431DB6965EF /* [CP] Check Pods Manifest.lock */,
				F3AA6D6F1D462A9E0033D88B /* Sources */,
				F3AA6D701D462A9E0033D88B /* Frameworks */,
				F3AA6D711D462A9E0033D88B /* Resources */,
				C136CB3A21AA577BF2EE041D /* [CP] Embed Pods Frameworks */,
				9785C3CD72FA5823FA71AE71 /* [CP] Copy Pods Resources */,
			);
			buildRules = (
			);
			dependencies = (
				F3AA6D751D462A9E0033D88B /* PBXTargetDependency */,
			);
			name = iOSReady1Tests;
			productName = iOSReady1Tests;
			productReference = F3AA6D731D462A9E0033D88B /* iOSReady1Tests.xctest */;
			productType = "com.apple.product-type.bundle.unit-test";
		};
		F3AA6D7D1D462A9E0033D88B /* iOSReady1UITests */ = {
			isa = PBXNativeTarget;
			buildConfigurationList = F3AA6D8D1D462A9E0033D88B /* Build configuration list for PBXNativeTarget "iOSReady1UITests" */;
			buildPhases = (
				7FFAD7AD261E410BD1F85D29 /* [CP] Check Pods Manifest.lock */,
				F3AA6D7A1D462A9E0033D88B /* Sources */,
				F3AA6D7B1D462A9E0033D88B /* Frameworks */,
				F3AA6D7C1D462A9E0033D88B /* Resources */,
				C79309C7177D78EF4C07595A /* [CP] Copy Pods Resources */,
			);
			buildRules = (
			);
			dependencies = (
				F3AA6D801D462A9E0033D88B /* PBXTargetDependency */,
			);
			name = iOSReady1UITests;
			productName = iOSReady1UITests;
			productReference = F3AA6D7E1D462A9E0033D88B /* iOSReady1UITests.xctest */;
			productType = "com.apple.product-type.bundle.ui-testing";
		};
/* End PBXNativeTarget section */

/* Begin PBXProject section */
		F3AA6D521D462A9E0033D88B /* Project object */ = {
			isa = PBXProject;
			attributes = {
				LastUpgradeCheck = 0730;
				ORGANIZATIONNAME = "何舒展";
				TargetAttributes = {
					F3AA6D591D462A9E0033D88B = {
						CreatedOnToolsVersion = 7.3.1;
						DevelopmentTeam = LD3DCA5QNY;
					};
					F3AA6D721D462A9E0033D88B = {
						CreatedOnToolsVersion = 7.3.1;
						DevelopmentTeam = LD3DCA5QNY;
						TestTargetID = F3AA6D591D462A9E0033D88B;
					};
					F3AA6D7D1D462A9E0033D88B = {
						CreatedOnToolsVersion = 7.3.1;
						DevelopmentTeam = LD3DCA5QNY;
						TestTargetID = F3AA6D591D462A9E0033D88B;
					};
				};
			};
			buildConfigurationList = F3AA6D551D462A9E0033D88B /* Build configuration list for PBXProject "iOSReady1" */;
			compatibilityVersion = "Xcode 3.2";
			developmentRegion = English;
			hasScannedForEncodings = 0;
			knownRegions = (
				en,
				Base,
			);
			mainGroup = F3AA6D511D462A9E0033D88B;
			productRefGroup = F3AA6D5B1D462A9E0033D88B /* Products */;
			projectDirPath = "";
			projectRoot = "";
			targets = (
				F3AA6D591D462A9E0033D88B /* iOSReady1 */,
				F3AA6D721D462A9E0033D88B /* iOSReady1Tests */,
				F3AA6D7D1D462A9E0033D88B /* iOSReady1UITests */,
			);
		};
/* End PBXProject section */

/* Begin PBXResourcesBuildPhase section */
		F3AA6D581D462A9E0033D88B /* Resources */ = {
			isa = PBXResourcesBuildPhase;
			buildActionMask = 2147483647;
			files = (
				F34099B71D491F5E00B4D768 /* CellPushViewController.xib in Resources */,
				F3A1313F1D48C5920067CF23 /* SZTableViewCell.xib in Resources */,
				F3F6B98F1D49F1B700A054CA /* IndexViewController.xib in Resources */,
				F3F6B9821D49F0FB00A054CA /* 8836.jpg in Resources */,
				F3AA6D6D1D462A9E0033D88B /* LaunchScreen.storyboard in Resources */,
				F3AA6D6A1D462A9E0033D88B /* Assets.xcassets in Resources */,
				F3F6B9841D49F10800A054CA /* 1@2x.png in Resources */,
				F34099B21D49192400B4D768 /* HDTableViewCell.xib in Resources */,
				F323D4971D49A4550063A8EA /* 1_24.jpg in Resources */,
				F3AA6D681D462A9E0033D88B /* Main.storyboard in Resources */,
				F323D4951D49A43E0063A8EA /* 未命名.png in Resources */,
			);
			runOnlyForDeploymentPostprocessing = 0;
		};
		F3AA6D711D462A9E0033D88B /* Resources */ = {
			isa = PBXResourcesBuildPhase;
			buildActionMask = 2147483647;
			files = (
			);
			runOnlyForDeploymentPostprocessing = 0;
		};
		F3AA6D7C1D462A9E0033D88B /* Resources */ = {
			isa = PBXResourcesBuildPhase;
			buildActionMask = 2147483647;
			files = (
			);
			runOnlyForDeploymentPostprocessing = 0;
		};
/* End PBXResourcesBuildPhase section */

/* Begin PBXShellScriptBuildPhase section */
		4C694AF82A5306657BD4A848 /* [CP] Copy Pods Resources */ = {
			isa = PBXShellScriptBuildPhase;
			buildActionMask = 2147483647;
			files = (
			);
			inputPaths = (
			);
			name = "[CP] Copy Pods Resources";
			outputPaths = (
			);
			runOnlyForDeploymentPostprocessing = 0;
			shellPath = /bin/sh;
			shellScript = "\"${SRCROOT}/Pods/Target Support Files/Pods-iOSReady1/Pods-iOSReady1-resources.sh\"\n";
			showEnvVarsInLog = 0;
		};
		7FFAD7AD261E410BD1F85D29 /* [CP] Check Pods Manifest.lock */ = {
			isa = PBXShellScriptBuildPhase;
			buildActionMask = 2147483647;
			files = (
			);
			inputPaths = (
			);
			name = "[CP] Check Pods Manifest.lock";
			outputPaths = (
			);
			runOnlyForDeploymentPostprocessing = 0;
			shellPath = /bin/sh;
			shellScript = "diff \"${PODS_ROOT}/../Podfile.lock\" \"${PODS_ROOT}/Manifest.lock\" > /dev/null\nif [[ $? != 0 ]] ; then\n    cat << EOM\nerror: The sandbox is not in sync with the Podfile.lock. Run 'pod install' or update your CocoaPods installation.\nEOM\n    exit 1\nfi\n";
			showEnvVarsInLog = 0;
		};
		87DB1CB17D393431DB6965EF /* [CP] Check Pods Manifest.lock */ = {
			isa = PBXShellScriptBuildPhase;
			buildActionMask = 2147483647;
			files = (
			);
			inputPaths = (
			);
			name = "[CP] Check Pods Manifest.lock";
			outputPaths = (
			);
			runOnlyForDeploymentPostprocessing = 0;
			shellPath = /bin/sh;
			shellScript = "diff \"${PODS_ROOT}/../Podfile.lock\" \"${PODS_ROOT}/Manifest.lock\" > /dev/null\nif [[ $? != 0 ]] ; then\n    cat << EOM\nerror: The sandbox is not in sync with the Podfile.lock. Run 'pod install' or update your CocoaPods installation.\nEOM\n    exit 1\nfi\n";
			showEnvVarsInLog = 0;
		};
		9785C3CD72FA5823FA71AE71 /* [CP] Copy Pods Resources */ = {
			isa = PBXShellScriptBuildPhase;
			buildActionMask = 2147483647;
			files = (
			);
			inputPaths = (
			);
			name = "[CP] Copy Pods Resources";
			outputPaths = (
			);
			runOnlyForDeploymentPostprocessing = 0;
			shellPath = /bin/sh;
			shellScript = "\"${SRCROOT}/Pods/Target Support Files/Pods-iOSReady1Tests/Pods-iOSReady1Tests-resources.sh\"\n";
			showEnvVarsInLog = 0;
		};
		ADB3D534D8FC16CF1ABF86AD /* [CP] Check Pods Manifest.lock */ = {
			isa = PBXShellScriptBuildPhase;
			buildActionMask = 2147483647;
			files = (
			);
			inputPaths = (
			);
			name = "[CP] Check Pods Manifest.lock";
			outputPaths = (
			);
			runOnlyForDeploymentPostprocessing = 0;
			shellPath = /bin/sh;
			shellScript = "diff \"${PODS_ROOT}/../Podfile.lock\" \"${PODS_ROOT}/Manifest.lock\" > /dev/null\nif [[ $? != 0 ]] ; then\n    cat << EOM\nerror: The sandbox is not in sync with the Podfile.lock. Run 'pod install' or update your CocoaPods installation.\nEOM\n    exit 1\nfi\n";
			showEnvVarsInLog = 0;
		};
		C136CB3A21AA577BF2EE041D /* [CP] Embed Pods Frameworks */ = {
			isa = PBXShellScriptBuildPhase;
			buildActionMask = 2147483647;
			files = (
			);
			inputPaths = (
			);
			name = "[CP] Embed Pods Frameworks";
			outputPaths = (
			);
			runOnlyForDeploymentPostprocessing = 0;
			shellPath = /bin/sh;
			shellScript = "\"${SRCROOT}/Pods/Target Support Files/Pods-iOSReady1Tests/Pods-iOSReady1Tests-frameworks.sh\"\n";
			showEnvVarsInLog = 0;
		};
		C79309C7177D78EF4C07595A /* [CP] Copy Pods Resources */ = {
			isa = PBXShellScriptBuildPhase;
			buildActionMask = 2147483647;
			files = (
			);
			inputPaths = (
			);
			name = "[CP] Copy Pods Resources";
			outputPaths = (
			);
			runOnlyForDeploymentPostprocessing = 0;
			shellPath = /bin/sh;
			shellScript = "\"${SRCROOT}/Pods/Target Support Files/Pods-iOSReady1UITests/Pods-iOSReady1UITests-resources.sh\"\n";
			showEnvVarsInLog = 0;
		};
		D06F4678B7DFC0A0E328E271 /* [CP] Embed Pods Frameworks */ = {
			isa = PBXShellScriptBuildPhase;
			buildActionMask = 2147483647;
			files = (
			);
			inputPaths = (
			);
			name = "[CP] Embed Pods Frameworks";
			outputPaths = (
			);
			runOnlyForDeploymentPostprocessing = 0;
			shellPath = /bin/sh;
			shellScript = "\"${SRCROOT}/Pods/Target Support Files/Pods-iOSReady1/Pods-iOSReady1-frameworks.sh\"\n";
			showEnvVarsInLog = 0;
		};
/* End PBXShellScriptBuildPhase section */

/* Begin PBXSourcesBuildPhase section */
		F3AA6D561D462A9E0033D88B /* Sources */ = {
			isa = PBXSourcesBuildPhase;
			buildActionMask = 2147483647;
			files = (
				F385C0B91D476D44005951BE /* cocoaFoundationKitClass.m in Sources */,
				F3A1312F1D489C2B0067CF23 /* SeViewController.m in Sources */,
				F3A131321D489C390067CF23 /* ThiViewController.m in Sources */,
				F3A131351D489C460067CF23 /* FourViewController.m in Sources */,
				F3A1313E1D48C5920067CF23 /* SZTableViewCell.m in Sources */,
				F3AA6D651D462A9E0033D88B /* ViewController.m in Sources */,
				F3AA6D621D462A9E0033D88B /* AppDelegate.m in Sources */,
				F34099B61D491F5E00B4D768 /* CellPushViewController.m in Sources */,
				F3F6B9891D49F15000A054CA /* LoginViewController.m in Sources */,
				F3AA6D5F1D462A9E0033D88B /* main.m in Sources */,
				F385C0B61D476B46005951BE /* CocoaFoundationKit.m in Sources */,
				F3F6B98E1D49F1B700A054CA /* IndexViewController.m in Sources */,
				F363898C1D4C69C300F9DAF9 /* TabViewController.m in Sources */,
				F34099B11D49192400B4D768 /* HDTableViewCell.m in Sources */,
			);
			runOnlyForDeploymentPostprocessing = 0;
		};
		F3AA6D6F1D462A9E0033D88B /* Sources */ = {
			isa = PBXSourcesBuildPhase;
			buildActionMask = 2147483647;
			files = (
				F3AA6D781D462A9E0033D88B /* iOSReady1Tests.m in Sources */,
			);
			runOnlyForDeploymentPostprocessing = 0;
		};
		F3AA6D7A1D462A9E0033D88B /* Sources */ = {
			isa = PBXSourcesBuildPhase;
			buildActionMask = 2147483647;
			files = (
				F3AA6D831D462A9E0033D88B /* iOSReady1UITests.m in Sources */,
			);
			runOnlyForDeploymentPostprocessing = 0;
		};
/* End PBXSourcesBuildPhase section */

/* Begin PBXTargetDependency section */
		F3AA6D751D462A9E0033D88B /* PBXTargetDependency */ = {
			isa = PBXTargetDependency;
			target = F3AA6D591D462A9E0033D88B /* iOSReady1 */;
			targetProxy = F3AA6D741D462A9E0033D88B /* PBXContainerItemProxy */;
		};
		F3AA6D801D462A9E0033D88B /* PBXTargetDependency */ = {
			isa = PBXTargetDependency;
			target = F3AA6D591D462A9E0033D88B /* iOSReady1 */;
			targetProxy = F3AA6D7F1D462A9E0033D88B /* PBXContainerItemProxy */;
		};
/* End PBXTargetDependency section */

/* Begin PBXVariantGroup section */
		F3AA6D661D462A9E0033D88B /* Main.storyboard */ = {
			isa = PBXVariantGroup;
			children = (
				F3AA6D671D462A9E0033D88B /* Base */,
			);
			name = Main.storyboard;
			sourceTree = "<group>";
		};
		F3AA6D6B1D462A9E0033D88B /* LaunchScreen.storyboard */ = {
			isa = PBXVariantGroup;
			children = (
				F3AA6D6C1D462A9E0033D88B /* Base */,
			);
			name = LaunchScreen.storyboard;
			sourceTree = "<group>";
		};
/* End PBXVariantGroup section */

/* Begin XCBuildConfiguration section */
		F3AA6D851D462A9E0033D88B /* Debug */ = {
			isa = XCBuildConfiguration;
			buildSettings = {
				ALWAYS_SEARCH_USER_PATHS = NO;
				CLANG_ANALYZER_NONNULL = YES;
				CLANG_CXX_LANGUAGE_STANDARD = "gnu++0x";
				CLANG_CXX_LIBRARY = "libc++";
				CLANG_ENABLE_MODULES = YES;
				CLANG_ENABLE_OBJC_ARC = YES;
				CLANG_WARN_BOOL_CONVERSION = YES;
				CLANG_WARN_CONSTANT_CONVERSION = YES;
				CLANG_WARN_DIRECT_OBJC_ISA_USAGE = YES_ERROR;
				CLANG_WARN_EMPTY_BODY = YES;
				CLANG_WARN_ENUM_CONVERSION = YES;
				CLANG_WARN_INT_CONVERSION = YES;
				CLANG_WARN_OBJC_ROOT_CLASS = YES_ERROR;
				CLANG_WARN_UNREACHABLE_CODE = YES;
				CLANG_WARN__DUPLICATE_METHOD_MATCH = YES;
				"CODE_SIGN_IDENTITY[sdk=iphoneos*]" = "iPhone Developer";
				COPY_PHASE_STRIP = NO;
				DEBUG_INFORMATION_FORMAT = dwarf;
				ENABLE_STRICT_OBJC_MSGSEND = YES;
				ENABLE_TESTABILITY = YES;
				GCC_C_LANGUAGE_STANDARD = gnu99;
				GCC_DYNAMIC_NO_PIC = NO;
				GCC_NO_COMMON_BLOCKS = YES;
				GCC_OPTIMIZATION_LEVEL = 0;
				GCC_PREPROCESSOR_DEFINITIONS = (
					"DEBUG=1",
					"$(inherited)",
				);
				GCC_WARN_64_TO_32_BIT_CONVERSION = YES;
				GCC_WARN_ABOUT_RETURN_TYPE = YES_ERROR;
				GCC_WARN_UNDECLARED_SELECTOR = YES;
				GCC_WARN_UNINITIALIZED_AUTOS = YES_AGGRESSIVE;
				GCC_WARN_UNUSED_FUNCTION = YES;
				GCC_WARN_UNUSED_VARIABLE = YES;
				IPHONEOS_DEPLOYMENT_TARGET = 9.3;
				MTL_ENABLE_DEBUG_INFO = YES;
				ONLY_ACTIVE_ARCH = YES;
				SDKROOT = iphoneos;
			};
			name = Debug;
		};
		F3AA6D861D462A9E0033D88B /* Release */ = {
			isa = XCBuildConfiguration;
			buildSettings = {
				ALWAYS_SEARCH_USER_PATHS = NO;
				CLANG_ANALYZER_NONNULL = YES;
				CLANG_CXX_LANGUAGE_STANDARD = "gnu++0x";
				CLANG_CXX_LIBRARY = "libc++";
				CLANG_ENABLE_MODULES = YES;
				CLANG_ENABLE_OBJC_ARC = YES;
				CLANG_WARN_BOOL_CONVERSION = YES;
				CLANG_WARN_CONSTANT_CONVERSION = YES;
				CLANG_WARN_DIRECT_OBJC_ISA_USAGE = YES_ERROR;
				CLANG_WARN_EMPTY_BODY = YES;
				CLANG_WARN_ENUM_CONVERSION = YES;
				CLANG_WARN_INT_CONVERSION = YES;
				CLANG_WARN_OBJC_ROOT_CLASS = YES_ERROR;
				CLANG_WARN_UNREACHABLE_CODE = YES;
				CLANG_WARN__DUPLICATE_METHOD_MATCH = YES;
				"CODE_SIGN_IDENTITY[sdk=iphoneos*]" = "iPhone Developer";
				COPY_PHASE_STRIP = NO;
				DEBUG_INFORMATION_FORMAT = "dwarf-with-dsym";
				ENABLE_NS_ASSERTIONS = NO;
				ENABLE_STRICT_OBJC_MSGSEND = YES;
				GCC_C_LANGUAGE_STANDARD = gnu99;
				GCC_NO_COMMON_BLOCKS = YES;
				GCC_WARN_64_TO_32_BIT_CONVERSION = YES;
				GCC_WARN_ABOUT_RETURN_TYPE = YES_ERROR;
				GCC_WARN_UNDECLARED_SELECTOR = YES;
				GCC_WARN_UNINITIALIZED_AUTOS = YES_AGGRESSIVE;
				GCC_WARN_UNUSED_FUNCTION = YES;
				GCC_WARN_UNUSED_VARIABLE = YES;
				IPHONEOS_DEPLOYMENT_TARGET = 9.3;
				MTL_ENABLE_DEBUG_INFO = NO;
				SDKROOT = iphoneos;
				VALIDATE_PRODUCT = YES;
			};
			name = Release;
		};
		F3AA6D881D462A9E0033D88B /* Debug */ = {
			isa = XCBuildConfiguration;
			baseConfigurationReference = 159B98756F423168F7BC5CC1 /* Pods-iOSReady1.debug.xcconfig */;
			buildSettings = {
				ASSETCATALOG_COMPILER_APPICON_NAME = AppIcon;
				INFOPLIST_FILE = iOSReady1/Info.plist;
				LD_RUNPATH_SEARCH_PATHS = "$(inherited) @executable_path/Frameworks";
				PRODUCT_BUNDLE_IDENTIFIER = heshuzhan.iOSReady1;
				PRODUCT_NAME = "$(TARGET_NAME)";
			};
			name = Debug;
		};
		F3AA6D891D462A9E0033D88B /* Release */ = {
			isa = XCBuildConfiguration;
			baseConfigurationReference = 387D205A5C2CD787A5D4BE94 /* Pods-iOSReady1.release.xcconfig */;
			buildSettings = {
				ASSETCATALOG_COMPILER_APPICON_NAME = AppIcon;
				INFOPLIST_FILE = iOSReady1/Info.plist;
				LD_RUNPATH_SEARCH_PATHS = "$(inherited) @executable_path/Frameworks";
				PRODUCT_BUNDLE_IDENTIFIER = heshuzhan.iOSReady1;
				PRODUCT_NAME = "$(TARGET_NAME)";
			};
			name = Release;
		};
		F3AA6D8B1D462A9E0033D88B /* Debug */ = {
			isa = XCBuildConfiguration;
			baseConfigurationReference = 4A69E5B86AD1EBDA31FF0409 /* Pods-iOSReady1Tests.debug.xcconfig */;
			buildSettings = {
				BUNDLE_LOADER = "$(TEST_HOST)";
				INFOPLIST_FILE = iOSReady1Tests/Info.plist;
				LD_RUNPATH_SEARCH_PATHS = "$(inherited) @executable_path/Frameworks @loader_path/Frameworks";
				PRODUCT_BUNDLE_IDENTIFIER = heshuzhan.iOSReady1Tests;
				PRODUCT_NAME = "$(TARGET_NAME)";
				TEST_HOST = "$(BUILT_PRODUCTS_DIR)/iOSReady1.app/iOSReady1";
			};
			name = Debug;
		};
		F3AA6D8C1D462A9E0033D88B /* Release */ = {
			isa = XCBuildConfiguration;
			baseConfigurationReference = D69A8BBBD8811AF4F28D1CF9 /* Pods-iOSReady1Tests.release.xcconfig */;
			buildSettings = {
				BUNDLE_LOADER = "$(TEST_HOST)";
				INFOPLIST_FILE = iOSReady1Tests/Info.plist;
				LD_RUNPATH_SEARCH_PATHS = "$(inherited) @executable_path/Frameworks @loader_path/Frameworks";
				PRODUCT_BUNDLE_IDENTIFIER = heshuzhan.iOSReady1Tests;
				PRODUCT_NAME = "$(TARGET_NAME)";
				TEST_HOST = "$(BUILT_PRODUCTS_DIR)/iOSReady1.app/iOSReady1";
			};
			name = Release;
		};
		F3AA6D8E1D462A9E0033D88B /* Debug */ = {
			isa = XCBuildConfiguration;
			baseConfigurationReference = 34050687E6CAAF3BD909190A /* Pods-iOSReady1UITests.debug.xcconfig */;
			buildSettings = {
				INFOPLIST_FILE = iOSReady1UITests/Info.plist;
				LD_RUNPATH_SEARCH_PATHS = "$(inherited) @executable_path/Frameworks @loader_path/Frameworks";
				PRODUCT_BUNDLE_IDENTIFIER = heshuzhan.iOSReady1UITests;
				PRODUCT_NAME = "$(TARGET_NAME)";
				TEST_TARGET_NAME = iOSReady1;
			};
			name = Debug;
		};
		F3AA6D8F1D462A9E0033D88B /* Release */ = {
			isa = XCBuildConfiguration;
			baseConfigurationReference = 9BBD33E6E7B4A460B37FFFB1 /* Pods-iOSReady1UITests.release.xcconfig */;
			buildSettings = {
				INFOPLIST_FILE = iOSReady1UITests/Info.plist;
				LD_RUNPATH_SEARCH_PATHS = "$(inherited) @executable_path/Frameworks @loader_path/Frameworks";
				PRODUCT_BUNDLE_IDENTIFIER = heshuzhan.iOSReady1UITests;
				PRODUCT_NAME = "$(TARGET_NAME)";
				TEST_TARGET_NAME = iOSReady1;
			};
			name = Release;
		};
/* End XCBuildConfiguration section */

/* Begin XCConfigurationList section */
		F3AA6D551D462A9E0033D88B /* Build configuration list for PBXProject "iOSReady1" */ = {
			isa = XCConfigurationList;
			buildConfigurations = (
				F3AA6D851D462A9E0033D88B /* Debug */,
				F3AA6D861D462A9E0033D88B /* Release */,
			);
			defaultConfigurationIsVisible = 0;
			defaultConfigurationName = Release;
		};
		F3AA6D871D462A9E0033D88B /* Build configuration list for PBXNativeTarget "iOSReady1" */ = {
			isa = XCConfigurationList;
			buildConfigurations = (
				F3AA6D881D462A9E0033D88B /* Debug */,
				F3AA6D891D462A9E0033D88B /* Release */,
			);
			defaultConfigurationIsVisible = 0;
			defaultConfigurationName = Release;
		};
		F3AA6D8A1D462A9E0033D88B /* Build configuration list for PBXNativeTarget "iOSReady1Tests" */ = {
			isa = XCConfigurationList;
			buildConfigurations = (
				F3AA6D8B1D462A9E0033D88B /* Debug */,
				F3AA6D8C1D462A9E0033D88B /* Release */,
			);
			defaultConfigurationIsVisible = 0;
			defaultConfigurationName = Release;
		};
		F3AA6D8D1D462A9E0033D88B /* Build configuration list for PBXNativeTarget "iOSReady1UITests" */ = {
			isa = XCConfigurationList;
			buildConfigurations = (
				F3AA6D8E1D462A9E0033D88B /* Debug */,
				F3AA6D8F1D462A9E0033D88B /* Release */,
			);
			defaultConfigurationIsVisible = 0;
			defaultConfigurationName = Release;
		};
/* End XCConfigurationList section */
	};
	rootObject = F3AA6D521D462A9E0033D88B /* Project object */;
}
